
Microsoft Visual Studio Solution File, Format Version 12.00
# Visual Studio Version 17
VisualStudioVersion = 17.1.31911.260
MinimumVisualStudioVersion = 10.0.40219.1
Project("{888888A0-9F3D-457C-B088-3A5042F75D52}") = "SR01 - Devoir 3", "SR01 - Devoir 3.pyproj", "{DCC0070B-C135-4927-B4D4-C3E6F9D714A9}"
EndProject
Global
	GlobalSection(SolutionConfigurationPlatforms) = preSolution
		Debug|Any CPU = Debug|Any CPU
		Release|Any CPU = Release|Any CPU
	EndGlobalSection
	GlobalSection(ProjectConfigurationPlatforms) = postSolution
		{DCC0070B-C135-4927-B4D4-C3E6F9D714A9}.Debug|Any CPU.ActiveCfg = Debug|Any CPU
		{DCC0070B-C135-4927-B4D4-C3E6F9D714A9}.Release|Any CPU.ActiveCfg = Release|Any CPU
	EndGlobalSection
	GlobalSection(SolutionProperties) = preSolution
		HideSolutionNode = FALSE
	EndGlobalSection
	GlobalSection(ExtensibilityGlobals) = postSolution
		SolutionGuid = {F5DDDCC2-D82D-458F-818A-2A750C1384F5}
	EndGlobalSection
EndGlobal
